
Microsoft Visual Studio Solution File, Format Version 12.00
# Visual Studio 15
VisualStudioVersion = 15.0.28307.329
MinimumVisualStudioVersion = 10.0.40219.1
Project("{FAE04EC0-301F-11D3-BF4B-00C04F79EFBC}") = "MyRecipesApp", "MyRecipesApp\MyRecipesApp.csproj", "{0A99AB8B-F50A-4A49-B6DC-8EB42BA4B1AB}"
EndProject
Global
	GlobalSection(SolutionConfigurationPlatforms) = preSolution
		Debug|Any CPU = Debug|Any CPU
		Release|Any CPU = Release|Any CPU
	EndGlobalSection
	GlobalSection(ProjectConfigurationPlatforms) = postSolution
		{0A99AB8B-F50A-4A49-B6DC-8EB42BA4B1AB}.Debug|Any CPU.ActiveCfg = Debug|Any CPU
		{0A99AB8B-F50A-4A49-B6DC-8EB42BA4B1AB}.Debug|Any CPU.Build.0 = Debug|Any CPU
		{0A99AB8B-F50A-4A49-B6DC-8EB42BA4B1AB}.Release|Any CPU.ActiveCfg = Release|Any CPU
		{0A99AB8B-F50A-4A49-B6DC-8EB42BA4B1AB}.Release|Any CPU.Build.0 = Release|Any CPU
	EndGlobalSection
	GlobalSection(SolutionProperties) = preSolution
		HideSolutionNode = FALSE
	EndGlobalSection
	GlobalSection(ExtensibilityGlobals) = postSolution
		SolutionGuid = {621023FB-111D-457A-920E-C36B759354A3}
	EndGlobalSection
EndGlobal
